
Microsoft Visual Studio Solution File, Format Version 11.00
# Visual Studio 2010
Project("{8BC9CEB8-8B4A-11D0-8D11-00A0C91BC942}") = "Task 2", "Task 2\Task 2.vcxproj", "{FFA95346-0FAB-42B5-9F01-5E1222F6FBD0}"
EndProject
Global
	GlobalSection(SolutionConfigurationPlatforms) = preSolution
		Debug|Win32 = Debug|Win32
		Release|Win32 = Release|Win32
	EndGlobalSection
	GlobalSection(ProjectConfigurationPlatforms) = postSolution
		{FFA95346-0FAB-42B5-9F01-5E1222F6FBD0}.Debug|Win32.ActiveCfg = Debug|Win32
		{FFA95346-0FAB-42B5-9F01-5E1222F6FBD0}.Debug|Win32.Build.0 = Debug|Win32
		{FFA95346-0FAB-42B5-9F01-5E1222F6FBD0}.Release|Win32.ActiveCfg = Release|Win32
		{FFA95346-0FAB-42B5-9F01-5E1222F6FBD0}.Release|Win32.Build.0 = Release|Win32
	EndGlobalSection
	GlobalSection(SolutionProperties) = preSolution
		HideSolutionNode = FALSE
	EndGlobalSection
EndGlobal
