
Microsoft Visual Studio Solution File, Format Version 12.00
# Visual Studio 2012
Project("{FAE04EC0-301F-11D3-BF4B-00C04F79EFBC}") = "List", "List\List.csproj", "{BA3D1B9F-44B6-46F9-809D-93A32FE9561C}"
EndProject
Project("{FAE04EC0-301F-11D3-BF4B-00C04F79EFBC}") = "List.Test", "List.Test\List.Test.csproj", "{2F34B655-A5D8-46C7-ACF0-4A19C9E8219B}"
EndProject
Global
	GlobalSection(SolutionConfigurationPlatforms) = preSolution
		Debug|Any CPU = Debug|Any CPU
		Release|Any CPU = Release|Any CPU
	EndGlobalSection
	GlobalSection(ProjectConfigurationPlatforms) = postSolution
		{BA3D1B9F-44B6-46F9-809D-93A32FE9561C}.Debug|Any CPU.ActiveCfg = Debug|Any CPU
		{BA3D1B9F-44B6-46F9-809D-93A32FE9561C}.Debug|Any CPU.Build.0 = Debug|Any CPU
		{BA3D1B9F-44B6-46F9-809D-93A32FE9561C}.Release|Any CPU.ActiveCfg = Release|Any CPU
		{BA3D1B9F-44B6-46F9-809D-93A32FE9561C}.Release|Any CPU.Build.0 = Release|Any CPU
		{2F34B655-A5D8-46C7-ACF0-4A19C9E8219B}.Debug|Any CPU.ActiveCfg = Debug|Any CPU
		{2F34B655-A5D8-46C7-ACF0-4A19C9E8219B}.Debug|Any CPU.Build.0 = Debug|Any CPU
		{2F34B655-A5D8-46C7-ACF0-4A19C9E8219B}.Release|Any CPU.ActiveCfg = Release|Any CPU
		{2F34B655-A5D8-46C7-ACF0-4A19C9E8219B}.Release|Any CPU.Build.0 = Release|Any CPU
	EndGlobalSection
	GlobalSection(SolutionProperties) = preSolution
		HideSolutionNode = FALSE
	EndGlobalSection
EndGlobal
