
Microsoft Visual Studio Solution File, Format Version 12.00
# Visual Studio 2013
VisualStudioVersion = 12.0.21005.1
MinimumVisualStudioVersion = 10.0.40219.1
Project("{F2A71F9B-5D33-465A-A702-920D77279786}") = "Task 2 (pointFreeStyle)", "Task 2 (pointFreeStyle)\Task 2 (pointFreeStyle).fsproj", "{81038485-1C54-4F0F-B966-4A536C003A57}"
EndProject
Global
	GlobalSection(SolutionConfigurationPlatforms) = preSolution
		Debug|Any CPU = Debug|Any CPU
		Release|Any CPU = Release|Any CPU
	EndGlobalSection
	GlobalSection(ProjectConfigurationPlatforms) = postSolution
		{81038485-1C54-4F0F-B966-4A536C003A57}.Debug|Any CPU.ActiveCfg = Debug|Any CPU
		{81038485-1C54-4F0F-B966-4A536C003A57}.Debug|Any CPU.Build.0 = Debug|Any CPU
		{81038485-1C54-4F0F-B966-4A536C003A57}.Release|Any CPU.ActiveCfg = Release|Any CPU
		{81038485-1C54-4F0F-B966-4A536C003A57}.Release|Any CPU.Build.0 = Release|Any CPU
	EndGlobalSection
	GlobalSection(SolutionProperties) = preSolution
		HideSolutionNode = FALSE
	EndGlobalSection
EndGlobal
