
Microsoft Visual Studio Solution File, Format Version 11.00
# Visual Studio 2010
Project("{8BC9CEB8-8B4A-11D0-8D11-00A0C91BC942}") = "Task 3 (hw 5)", "Task 3 (hw 5)\Task 3 (hw 5).vcxproj", "{EC45946D-2B3B-446E-951C-F87094B2CF8E}"
EndProject
Global
	GlobalSection(SolutionConfigurationPlatforms) = preSolution
		Debug|Win32 = Debug|Win32
		Release|Win32 = Release|Win32
	EndGlobalSection
	GlobalSection(ProjectConfigurationPlatforms) = postSolution
		{EC45946D-2B3B-446E-951C-F87094B2CF8E}.Debug|Win32.ActiveCfg = Debug|Win32
		{EC45946D-2B3B-446E-951C-F87094B2CF8E}.Debug|Win32.Build.0 = Debug|Win32
		{EC45946D-2B3B-446E-951C-F87094B2CF8E}.Release|Win32.ActiveCfg = Release|Win32
		{EC45946D-2B3B-446E-951C-F87094B2CF8E}.Release|Win32.Build.0 = Release|Win32
	EndGlobalSection
	GlobalSection(SolutionProperties) = preSolution
		HideSolutionNode = FALSE
	EndGlobalSection
EndGlobal
