
Microsoft Visual Studio Solution File, Format Version 12.00
# Visual Studio 2013
VisualStudioVersion = 12.0.21005.1
MinimumVisualStudioVersion = 10.0.40219.1
Project("{FAE04EC0-301F-11D3-BF4B-00C04F79EFBC}") = "BinaryTree", "BinaryTree\BinaryTree.csproj", "{DBE82F7D-E1A9-4823-970F-9629565B223A}"
EndProject
Project("{FAE04EC0-301F-11D3-BF4B-00C04F79EFBC}") = "BinaryTree.Test", "BinaryTreeTest\BinaryTree.Test.csproj", "{583E5816-9FE6-4260-87FA-6F6649910575}"
EndProject
Global
	GlobalSection(SolutionConfigurationPlatforms) = preSolution
		Debug|Any CPU = Debug|Any CPU
		Release|Any CPU = Release|Any CPU
	EndGlobalSection
	GlobalSection(ProjectConfigurationPlatforms) = postSolution
		{DBE82F7D-E1A9-4823-970F-9629565B223A}.Debug|Any CPU.ActiveCfg = Debug|Any CPU
		{DBE82F7D-E1A9-4823-970F-9629565B223A}.Debug|Any CPU.Build.0 = Debug|Any CPU
		{DBE82F7D-E1A9-4823-970F-9629565B223A}.Release|Any CPU.ActiveCfg = Release|Any CPU
		{DBE82F7D-E1A9-4823-970F-9629565B223A}.Release|Any CPU.Build.0 = Release|Any CPU
		{583E5816-9FE6-4260-87FA-6F6649910575}.Debug|Any CPU.ActiveCfg = Debug|Any CPU
		{583E5816-9FE6-4260-87FA-6F6649910575}.Debug|Any CPU.Build.0 = Debug|Any CPU
		{583E5816-9FE6-4260-87FA-6F6649910575}.Release|Any CPU.ActiveCfg = Release|Any CPU
		{583E5816-9FE6-4260-87FA-6F6649910575}.Release|Any CPU.Build.0 = Release|Any CPU
	EndGlobalSection
	GlobalSection(SolutionProperties) = preSolution
		HideSolutionNode = FALSE
	EndGlobalSection
EndGlobal
