
Microsoft Visual Studio Solution File, Format Version 11.00
# Visual Studio 2010
Project("{8BC9CEB8-8B4A-11D0-8D11-00A0C91BC942}") = "Task 1", "Task 1\Task 1.vcxproj", "{F4B01C81-196C-4348-9DE0-97E15B7EF20D}"
EndProject
Global
	GlobalSection(SolutionConfigurationPlatforms) = preSolution
		Debug|Win32 = Debug|Win32
		Release|Win32 = Release|Win32
	EndGlobalSection
	GlobalSection(ProjectConfigurationPlatforms) = postSolution
		{F4B01C81-196C-4348-9DE0-97E15B7EF20D}.Debug|Win32.ActiveCfg = Debug|Win32
		{F4B01C81-196C-4348-9DE0-97E15B7EF20D}.Debug|Win32.Build.0 = Debug|Win32
		{F4B01C81-196C-4348-9DE0-97E15B7EF20D}.Release|Win32.ActiveCfg = Release|Win32
		{F4B01C81-196C-4348-9DE0-97E15B7EF20D}.Release|Win32.Build.0 = Release|Win32
	EndGlobalSection
	GlobalSection(SolutionProperties) = preSolution
		HideSolutionNode = FALSE
	EndGlobalSection
EndGlobal
