
Microsoft Visual Studio Solution File, Format Version 12.00
# Visual Studio 2012
Project("{FAE04EC0-301F-11D3-BF4B-00C04F79EFBC}") = "Functions", "Functions\Functions.csproj", "{A3CA4384-F3F2-4B63-9DC5-C06F4082A8C4}"
EndProject
Project("{FAE04EC0-301F-11D3-BF4B-00C04F79EFBC}") = "FunctionsTest", "FunctionsTest\FunctionsTest.csproj", "{78C0A6B9-995C-46A7-955C-B3714E79B784}"
EndProject
Global
	GlobalSection(SolutionConfigurationPlatforms) = preSolution
		Debug|Any CPU = Debug|Any CPU
		Release|Any CPU = Release|Any CPU
	EndGlobalSection
	GlobalSection(ProjectConfigurationPlatforms) = postSolution
		{A3CA4384-F3F2-4B63-9DC5-C06F4082A8C4}.Debug|Any CPU.ActiveCfg = Debug|Any CPU
		{A3CA4384-F3F2-4B63-9DC5-C06F4082A8C4}.Debug|Any CPU.Build.0 = Debug|Any CPU
		{A3CA4384-F3F2-4B63-9DC5-C06F4082A8C4}.Release|Any CPU.ActiveCfg = Release|Any CPU
		{A3CA4384-F3F2-4B63-9DC5-C06F4082A8C4}.Release|Any CPU.Build.0 = Release|Any CPU
		{78C0A6B9-995C-46A7-955C-B3714E79B784}.Debug|Any CPU.ActiveCfg = Debug|Any CPU
		{78C0A6B9-995C-46A7-955C-B3714E79B784}.Debug|Any CPU.Build.0 = Debug|Any CPU
		{78C0A6B9-995C-46A7-955C-B3714E79B784}.Release|Any CPU.ActiveCfg = Release|Any CPU
		{78C0A6B9-995C-46A7-955C-B3714E79B784}.Release|Any CPU.Build.0 = Release|Any CPU
	EndGlobalSection
	GlobalSection(SolutionProperties) = preSolution
		HideSolutionNode = FALSE
	EndGlobalSection
EndGlobal
