
Microsoft Visual Studio Solution File, Format Version 11.00
# Visual Studio 2010
Project("{8BC9CEB8-8B4A-11D0-8D11-00A0C91BC942}") = "Task 2 (hw 6)", "Task 2 (hw 6)\Task 2 (hw 6).vcxproj", "{0FC70B68-94CA-408C-BF7E-1BF13B0F7DCF}"
EndProject
Global
	GlobalSection(SolutionConfigurationPlatforms) = preSolution
		Debug|Win32 = Debug|Win32
		Release|Win32 = Release|Win32
	EndGlobalSection
	GlobalSection(ProjectConfigurationPlatforms) = postSolution
		{0FC70B68-94CA-408C-BF7E-1BF13B0F7DCF}.Debug|Win32.ActiveCfg = Debug|Win32
		{0FC70B68-94CA-408C-BF7E-1BF13B0F7DCF}.Debug|Win32.Build.0 = Debug|Win32
		{0FC70B68-94CA-408C-BF7E-1BF13B0F7DCF}.Release|Win32.ActiveCfg = Release|Win32
		{0FC70B68-94CA-408C-BF7E-1BF13B0F7DCF}.Release|Win32.Build.0 = Release|Win32
	EndGlobalSection
	GlobalSection(SolutionProperties) = preSolution
		HideSolutionNode = FALSE
	EndGlobalSection
EndGlobal
